
Microsoft Visual Studio Solution File, Format Version 12.00
# Visual Studio 2012
Project("{8BC9CEB8-8B4A-11D0-8D11-00A0C91BC942}") = "Blue", "Blue\Blue.vcxproj", "{92783B96-DA85-4E57-9A4C-D067937E0DD5}"
EndProject
Global
	GlobalSection(SolutionConfigurationPlatforms) = preSolution
		Debug|Win32 = Debug|Win32
		Release|Win32 = Release|Win32
	EndGlobalSection
	GlobalSection(ProjectConfigurationPlatforms) = postSolution
		{92783B96-DA85-4E57-9A4C-D067937E0DD5}.Debug|Win32.ActiveCfg = Debug|Win32
		{92783B96-DA85-4E57-9A4C-D067937E0DD5}.Debug|Win32.Build.0 = Debug|Win32
		{92783B96-DA85-4E57-9A4C-D067937E0DD5}.Release|Win32.ActiveCfg = Release|Win32
		{92783B96-DA85-4E57-9A4C-D067937E0DD5}.Release|Win32.Build.0 = Release|Win32
	EndGlobalSection
	GlobalSection(SolutionProperties) = preSolution
		HideSolutionNode = FALSE
	EndGlobalSection
EndGlobal
